
Microsoft Visual Studio Solution File, Format Version 12.00
# Visual Studio Version 17
VisualStudioVersion = 17.11.35222.181
MinimumVisualStudioVersion = 10.0.40219.1
Project("{FAE04EC0-301F-11D3-BF4B-00C04F79EFBC}") = "Module08", "Module08.csproj", "{63142FBF-A82F-4B26-925B-10C05B4D55EE}"
EndProject
Global
	GlobalSection(SolutionConfigurationPlatforms) = preSolution
		Debug|Any CPU = Debug|Any CPU
		Release|Any CPU = Release|Any CPU
	EndGlobalSection
	GlobalSection(ProjectConfigurationPlatforms) = postSolution
		{63142FBF-A82F-4B26-925B-10C05B4D55EE}.Debug|Any CPU.ActiveCfg = Debug|Any CPU
		{63142FBF-A82F-4B26-925B-10C05B4D55EE}.Debug|Any CPU.Build.0 = Debug|Any CPU
		{63142FBF-A82F-4B26-925B-10C05B4D55EE}.Debug|Any CPU.Deploy.0 = Debug|Any CPU
		{63142FBF-A82F-4B26-925B-10C05B4D55EE}.Release|Any CPU.ActiveCfg = Release|Any CPU
		{63142FBF-A82F-4B26-925B-10C05B4D55EE}.Release|Any CPU.Build.0 = Release|Any CPU
		{63142FBF-A82F-4B26-925B-10C05B4D55EE}.Release|Any CPU.Deploy.0 = Release|Any CPU
	EndGlobalSection
	GlobalSection(SolutionProperties) = preSolution
		HideSolutionNode = FALSE
	EndGlobalSection
	GlobalSection(ExtensibilityGlobals) = postSolution
		SolutionGuid = {EF499090-936E-4569-82A0-992386094043}
	EndGlobalSection
EndGlobal
